
Microsoft Visual Studio Solution File, Format Version 12.00
# Visual Studio Version 16
VisualStudioVersion = 16.0.29519.181
MinimumVisualStudioVersion = 10.0.40219.1
Project("{FAE04EC0-301F-11D3-BF4B-00C04F79EFBC}") = "RazorPagesPRGDemo", "RazorPagesPRGDemo\RazorPagesPRGDemo.csproj", "{A46CC104-3BD6-4BF8-B439-1DEA9A83979A}"
EndProject
Global
	GlobalSection(SolutionConfigurationPlatforms) = preSolution
		Debug|Any CPU = Debug|Any CPU
		Release|Any CPU = Release|Any CPU
	EndGlobalSection
	GlobalSection(ProjectConfigurationPlatforms) = postSolution
		{A46CC104-3BD6-4BF8-B439-1DEA9A83979A}.Debug|Any CPU.ActiveCfg = Debug|Any CPU
		{A46CC104-3BD6-4BF8-B439-1DEA9A83979A}.Debug|Any CPU.Build.0 = Debug|Any CPU
		{A46CC104-3BD6-4BF8-B439-1DEA9A83979A}.Release|Any CPU.ActiveCfg = Release|Any CPU
		{A46CC104-3BD6-4BF8-B439-1DEA9A83979A}.Release|Any CPU.Build.0 = Release|Any CPU
	EndGlobalSection
	GlobalSection(SolutionProperties) = preSolution
		HideSolutionNode = FALSE
	EndGlobalSection
	GlobalSection(ExtensibilityGlobals) = postSolution
		SolutionGuid = {E7DD1EDC-AE20-4F17-8184-0D3B45D57AC7}
	EndGlobalSection
EndGlobal
